
Microsoft Visual Studio Solution File, Format Version 12.00
# Visual Studio Version 17
VisualStudioVersion = 17.7.34018.315
MinimumVisualStudioVersion = 10.0.40219.1
Project("{2150E333-8FDC-42A3-9474-1A3956D46DE8}") = "1.Data", "1.Data", "{BDBE5F31-5A0D-42A9-9FF8-E565FE3A1E36}"
EndProject
Project("{2150E333-8FDC-42A3-9474-1A3956D46DE8}") = "2.Logica", "2.Logica", "{E668D7B7-A224-45C7-B847-61B5E5FFA845}"
EndProject
Project("{2150E333-8FDC-42A3-9474-1A3956D46DE8}") = "3.UI", "3.UI", "{423D02B5-1C39-4636-B615-335FAC0E6BF7}"
EndProject
Project("{FAE04EC0-301F-11D3-BF4B-00C04F79EFBC}") = "AccesoDatos", "AccesoDatos\AccesoDatos.csproj", "{709BD221-878C-4710-AE72-CF4D4BDD8DF1}"
EndProject
Project("{FAE04EC0-301F-11D3-BF4B-00C04F79EFBC}") = "Logica", "Logica\Logica.csproj", "{D6F1CD25-DFEA-4F59-B6D9-6C5C1D598869}"
EndProject
Project("{FAE04EC0-301F-11D3-BF4B-00C04F79EFBC}") = "Vista", "Vista\Vista.csproj", "{8C997136-2BA1-47E3-9CB4-610CBD3C3C09}"
EndProject
Project("{2150E333-8FDC-42A3-9474-1A3956D46DE8}") = "4.Entities", "4.Entities", "{D4BBE9FA-822E-4820-B141-5EDDAFF93874}"
EndProject
Project("{FAE04EC0-301F-11D3-BF4B-00C04F79EFBC}") = "Entidades", "Entidades\Entidades.csproj", "{68E8369E-35DC-4559-BB81-D8C467DB9D41}"
EndProject
Project("{2150E333-8FDC-42A3-9474-1A3956D46DE8}") = "0.Conection", "0.Conection", "{7517A791-552B-47C9-B3E6-1A7BDFEFE221}"
EndProject
Project("{FAE04EC0-301F-11D3-BF4B-00C04F79EFBC}") = "Connection", "Connection\Connection.csproj", "{93A2A02A-18EC-4911-963C-159BAF730DE7}"
EndProject
Global
	GlobalSection(SolutionConfigurationPlatforms) = preSolution
		Debug|Any CPU = Debug|Any CPU
		Release|Any CPU = Release|Any CPU
	EndGlobalSection
	GlobalSection(ProjectConfigurationPlatforms) = postSolution
		{709BD221-878C-4710-AE72-CF4D4BDD8DF1}.Debug|Any CPU.ActiveCfg = Debug|Any CPU
		{709BD221-878C-4710-AE72-CF4D4BDD8DF1}.Debug|Any CPU.Build.0 = Debug|Any CPU
		{709BD221-878C-4710-AE72-CF4D4BDD8DF1}.Release|Any CPU.ActiveCfg = Release|Any CPU
		{709BD221-878C-4710-AE72-CF4D4BDD8DF1}.Release|Any CPU.Build.0 = Release|Any CPU
		{D6F1CD25-DFEA-4F59-B6D9-6C5C1D598869}.Debug|Any CPU.ActiveCfg = Debug|Any CPU
		{D6F1CD25-DFEA-4F59-B6D9-6C5C1D598869}.Debug|Any CPU.Build.0 = Debug|Any CPU
		{D6F1CD25-DFEA-4F59-B6D9-6C5C1D598869}.Release|Any CPU.ActiveCfg = Release|Any CPU
		{D6F1CD25-DFEA-4F59-B6D9-6C5C1D598869}.Release|Any CPU.Build.0 = Release|Any CPU
		{8C997136-2BA1-47E3-9CB4-610CBD3C3C09}.Debug|Any CPU.ActiveCfg = Debug|Any CPU
		{8C997136-2BA1-47E3-9CB4-610CBD3C3C09}.Debug|Any CPU.Build.0 = Debug|Any CPU
		{8C997136-2BA1-47E3-9CB4-610CBD3C3C09}.Release|Any CPU.ActiveCfg = Release|Any CPU
		{8C997136-2BA1-47E3-9CB4-610CBD3C3C09}.Release|Any CPU.Build.0 = Release|Any CPU
		{68E8369E-35DC-4559-BB81-D8C467DB9D41}.Debug|Any CPU.ActiveCfg = Debug|Any CPU
		{68E8369E-35DC-4559-BB81-D8C467DB9D41}.Debug|Any CPU.Build.0 = Debug|Any CPU
		{68E8369E-35DC-4559-BB81-D8C467DB9D41}.Release|Any CPU.ActiveCfg = Release|Any CPU
		{68E8369E-35DC-4559-BB81-D8C467DB9D41}.Release|Any CPU.Build.0 = Release|Any CPU
		{93A2A02A-18EC-4911-963C-159BAF730DE7}.Debug|Any CPU.ActiveCfg = Debug|Any CPU
		{93A2A02A-18EC-4911-963C-159BAF730DE7}.Debug|Any CPU.Build.0 = Debug|Any CPU
		{93A2A02A-18EC-4911-963C-159BAF730DE7}.Release|Any CPU.ActiveCfg = Release|Any CPU
		{93A2A02A-18EC-4911-963C-159BAF730DE7}.Release|Any CPU.Build.0 = Release|Any CPU
	EndGlobalSection
	GlobalSection(SolutionProperties) = preSolution
		HideSolutionNode = FALSE
	EndGlobalSection
	GlobalSection(NestedProjects) = preSolution
		{709BD221-878C-4710-AE72-CF4D4BDD8DF1} = {BDBE5F31-5A0D-42A9-9FF8-E565FE3A1E36}
		{D6F1CD25-DFEA-4F59-B6D9-6C5C1D598869} = {E668D7B7-A224-45C7-B847-61B5E5FFA845}
		{8C997136-2BA1-47E3-9CB4-610CBD3C3C09} = {423D02B5-1C39-4636-B615-335FAC0E6BF7}
		{68E8369E-35DC-4559-BB81-D8C467DB9D41} = {D4BBE9FA-822E-4820-B141-5EDDAFF93874}
		{93A2A02A-18EC-4911-963C-159BAF730DE7} = {7517A791-552B-47C9-B3E6-1A7BDFEFE221}
	EndGlobalSection
	GlobalSection(ExtensibilityGlobals) = postSolution
		SolutionGuid = {C6DF039D-9D4A-4E05-B467-503521770F6F}
	EndGlobalSection
EndGlobal
